
Microsoft Visual Studio Solution File, Format Version 12.00
Project("{FAE04EC0-301F-11D3-BF4B-00C04F79EFBC}") = "SteamTogether.Bot", "SteamTogether.Bot\SteamTogether.Bot.csproj", "{01EDA763-40D5-4257-86D0-8287D94162E9}"
EndProject
Project("{FAE04EC0-301F-11D3-BF4B-00C04F79EFBC}") = "SteamTogether.Bot.UnitTests", "SteamTogether.Bot.UnitTests\SteamTogether.Bot.UnitTests.csproj", "{E39D5CC0-3410-4B8C-A76B-A5B2DDA7AE53}"
EndProject
Project("{FAE04EC0-301F-11D3-BF4B-00C04F79EFBC}") = "SteamTogether.Core", "SteamTogether.Core\SteamTogether.Core.csproj", "{256E83A9-945E-4A83-B6FE-D1D0FBDCF878}"
EndProject
Project("{FAE04EC0-301F-11D3-BF4B-00C04F79EFBC}") = "SteamTogether.Scraper", "SteamTogether.Scraper\SteamTogether.Scraper.csproj", "{DCB435A2-CBF9-49CD-AA03-6F5332266105}"
EndProject
Project("{FAE04EC0-301F-11D3-BF4B-00C04F79EFBC}") = "SteamTogether.Scraper.UnitTests", "SteamTogether.Scraper.UnitTests\SteamTogether.Scraper.UnitTests.csproj", "{0B2922C4-2CF2-4370-8640-C18895EB0173}"
EndProject
Global
	GlobalSection(SolutionConfigurationPlatforms) = preSolution
		Debug|Any CPU = Debug|Any CPU
		Release|Any CPU = Release|Any CPU
	EndGlobalSection
	GlobalSection(ProjectConfigurationPlatforms) = postSolution
		{01EDA763-40D5-4257-86D0-8287D94162E9}.Debug|Any CPU.ActiveCfg = Debug|Any CPU
		{01EDA763-40D5-4257-86D0-8287D94162E9}.Debug|Any CPU.Build.0 = Debug|Any CPU
		{01EDA763-40D5-4257-86D0-8287D94162E9}.Release|Any CPU.ActiveCfg = Release|Any CPU
		{01EDA763-40D5-4257-86D0-8287D94162E9}.Release|Any CPU.Build.0 = Release|Any CPU
		{E39D5CC0-3410-4B8C-A76B-A5B2DDA7AE53}.Debug|Any CPU.ActiveCfg = Debug|Any CPU
		{E39D5CC0-3410-4B8C-A76B-A5B2DDA7AE53}.Debug|Any CPU.Build.0 = Debug|Any CPU
		{E39D5CC0-3410-4B8C-A76B-A5B2DDA7AE53}.Release|Any CPU.ActiveCfg = Release|Any CPU
		{E39D5CC0-3410-4B8C-A76B-A5B2DDA7AE53}.Release|Any CPU.Build.0 = Release|Any CPU
		{256E83A9-945E-4A83-B6FE-D1D0FBDCF878}.Debug|Any CPU.ActiveCfg = Debug|Any CPU
		{256E83A9-945E-4A83-B6FE-D1D0FBDCF878}.Debug|Any CPU.Build.0 = Debug|Any CPU
		{256E83A9-945E-4A83-B6FE-D1D0FBDCF878}.Release|Any CPU.ActiveCfg = Release|Any CPU
		{256E83A9-945E-4A83-B6FE-D1D0FBDCF878}.Release|Any CPU.Build.0 = Release|Any CPU
		{DCB435A2-CBF9-49CD-AA03-6F5332266105}.Debug|Any CPU.ActiveCfg = Debug|Any CPU
		{DCB435A2-CBF9-49CD-AA03-6F5332266105}.Debug|Any CPU.Build.0 = Debug|Any CPU
		{DCB435A2-CBF9-49CD-AA03-6F5332266105}.Release|Any CPU.ActiveCfg = Release|Any CPU
		{DCB435A2-CBF9-49CD-AA03-6F5332266105}.Release|Any CPU.Build.0 = Release|Any CPU
		{0B2922C4-2CF2-4370-8640-C18895EB0173}.Debug|Any CPU.ActiveCfg = Debug|Any CPU
		{0B2922C4-2CF2-4370-8640-C18895EB0173}.Debug|Any CPU.Build.0 = Debug|Any CPU
		{0B2922C4-2CF2-4370-8640-C18895EB0173}.Release|Any CPU.ActiveCfg = Release|Any CPU
		{0B2922C4-2CF2-4370-8640-C18895EB0173}.Release|Any CPU.Build.0 = Release|Any CPU
	EndGlobalSection
EndGlobal
